
Microsoft Visual Studio Solution File, Format Version 12.00
# Visual Studio Version 16
VisualStudioVersion = 16.0.29905.134
MinimumVisualStudioVersion = 10.0.40219.1
Project("{FAE04EC0-301F-11D3-BF4B-00C04F79EFBC}") = "launcher2.0", "launcher2.0\launcher2.0.csproj", "{B7E2C7B3-1958-4213-B16C-DE237D3C511D}"
EndProject
Global
	GlobalSection(SolutionConfigurationPlatforms) = preSolution
		Debug|Any CPU = Debug|Any CPU
		Release|Any CPU = Release|Any CPU
	EndGlobalSection
	GlobalSection(ProjectConfigurationPlatforms) = postSolution
		{B7E2C7B3-1958-4213-B16C-DE237D3C511D}.Debug|Any CPU.ActiveCfg = Debug|Any CPU
		{B7E2C7B3-1958-4213-B16C-DE237D3C511D}.Debug|Any CPU.Build.0 = Debug|Any CPU
		{B7E2C7B3-1958-4213-B16C-DE237D3C511D}.Release|Any CPU.ActiveCfg = Release|Any CPU
		{B7E2C7B3-1958-4213-B16C-DE237D3C511D}.Release|Any CPU.Build.0 = Release|Any CPU
	EndGlobalSection
	GlobalSection(SolutionProperties) = preSolution
		HideSolutionNode = FALSE
	EndGlobalSection
	GlobalSection(ExtensibilityGlobals) = postSolution
		SolutionGuid = {85AE828C-BAAD-44D1-B052-DFD016846071}
	EndGlobalSection
EndGlobal
